// !$*UTF8*$!
{
	archiveVersion = 1;
	classes = {
	};
	objectVersion = 77;
	objects = {

/* Begin PBXContainerItemProxy section */
		11CE47042DEE7CFE00C8659A /* PBXContainerItemProxy */ = {
			isa = PBXContainerItemProxy;
			containerPortal = 11CE46EB2DEE7CFC00C8659A /* Project object */;
			proxyType = 1;
			remoteGlobalIDString = 11CE46F22DEE7CFC00C8659A;
			remoteInfo = Navigation;
		};
		11CE470E2DEE7CFE00C8659A /* PBXContainerItemProxy */ = {
			isa = PBXContainerItemProxy;
			containerPortal = 11CE46EB2DEE7CFC00C8659A /* Project object */;
			proxyType = 1;
			remoteGlobalIDString = 11CE46F22DEE7CFC00C8659A;
			remoteInfo = Navigation;
		};
/* End PBXContainerItemProxy section */

/* Begin PBXFileReference section */
		11CE46F32DEE7CFC00C8659A /* Navigation.app */ = {isa = PBXFileReference; explicitFileType = wrapper.application; includeInIndex = 0; path = Navigation.app; sourceTree = BUILT_PRODUCTS_DIR; };
		11CE47032DEE7CFE00C8659A /* NavigationTests.xctest */ = {isa = PBXFileReference; explicitFileType = wrapper.cfbundle; includeInIndex = 0; path = NavigationTests.xctest; sourceTree = BUILT_PRODUCTS_DIR; };
		11CE470D2DEE7CFE00C8659A /* NavigationUITests.xctest */ = {isa = PBXFileReference; explicitFileType = wrapper.cfbundle; includeInIndex = 0; path = NavigationUITests.xctest; sourceTree = BUILT_PRODUCTS_DIR; };
/* End PBXFileReference section */

/* Begin PBXFileSystemSynchronizedRootGroup section */
		11CE46F52DEE7CFC00C8659A /* Navigation */ = {
			isa = PBXFileSystemSynchronizedRootGroup;
			path = Navigation;
			sourceTree = "<group>";
		};
		11CE47062DEE7CFE00C8659A /* NavigationTests */ = {
			isa = PBXFileSystemSynchronizedRootGroup;
			path = NavigationTests;
			sourceTree = "<group>";
		};
		11CE47102DEE7CFE00C8659A /* NavigationUITests */ = {
			isa = PBXFileSystemSynchronizedRootGroup;
			path = NavigationUITests;
			sourceTree = "<group>";
		};
/* End PBXFileSystemSynchronizedRootGroup section */

/* Begin PBXFrameworksBuildPhase section */
		11CE46F02DEE7CFC00C8659A /* Frameworks */ = {
			isa = PBXFrameworksBuildPhase;
			buildActionMask = 2147483647;
			files = (
			);
			runOnlyForDeploymentPostprocessing = 0;
		};
		11CE47002DEE7CFE00C8659A /* Frameworks */ = {
			isa = PBXFrameworksBuildPhase;
			buildActionMask = 2147483647;
			files = (
			);
			runOnlyForDeploymentPostprocessing = 0;
		};
		11CE470A2DEE7CFE00C8659A /* Frameworks */ = {
			isa = PBXFrameworksBuildPhase;
			buildActionMask = 2147483647;
			files = (
			);
			runOnlyForDeploymentPostprocessing = 0;
		};
/* End PBXFrameworksBuildPhase section */

/* Begin PBXGroup section */
		11CE46EA2DEE7CFC00C8659A = {
			isa = PBXGroup;
			children = (
				11CE46F52DEE7CFC00C8659A /* Navigation */,
				11CE47062DEE7CFE00C8659A /* NavigationTests */,
				11CE47102DEE7CFE00C8659A /* NavigationUITests */,
				11CE46F42DEE7CFC00C8659A /* Products */,
			);
			sourceTree = "<group>";
		};
		11CE46F42DEE7CFC00C8659A /* Products */ = {
			isa = PBXGroup;
			children = (
				11CE46F32DEE7CFC00C8659A /* Navigation.app */,
				11CE47032DEE7CFE00C8659A /* NavigationTests.xctest */,
				11CE470D2DEE7CFE00C8659A /* NavigationUITests.xctest */,
			);
			name = Products;
			sourceTree = "<group>";
		};
/* End PBXGroup section */

/* Begin PBXNativeTarget section */
		11CE46F22DEE7CFC00C8659A /* Navigation */ = {
			isa = PBXNativeTarget;
			buildConfigurationList = 11CE47172DEE7CFE00C8659A /* Build configuration list for PBXNativeTarget "Navigation" */;
			buildPhases = (
				11CE46EF2DEE7CFC00C8659A /* Sources */,
				11CE46F02DEE7CFC00C8659A /* Frameworks */,
				11CE46F12DEE7CFC00C8659A /* Resources */,
			);
			buildRules = (
			);
			dependencies = (
			);
			fileSystemSynchronizedGroups = (
				11CE46F52DEE7CFC00C8659A /* Navigation */,
			);
			name = Navigation;
			packageProductDependencies = (
			);
			productName = Navigation;
			productReference = 11CE46F32DEE7CFC00C8659A /* Navigation.app */;
			productType = "com.apple.product-type.application";
		};
		11CE47022DEE7CFE00C8659A /* NavigationTests */ = {
			isa = PBXNativeTarget;
			buildConfigurationList = 11CE471A2DEE7CFE00C8659A /* Build configuration list for PBXNativeTarget "NavigationTests" */;
			buildPhases = (
				11CE46FF2DEE7CFE00C8659A /* Sources */,
				11CE47002DEE7CFE00C8659A /* Frameworks */,
				11CE47012DEE7CFE00C8659A /* Resources */,
			);
			buildRules = (
			);
			dependencies = (
				11CE47052DEE7CFE00C8659A /* PBXTargetDependency */,
			);
			fileSystemSynchronizedGroups = (
				11CE47062DEE7CFE00C8659A /* NavigationTests */,
			);
			name = NavigationTests;
			packageProductDependencies = (
			);
			productName = NavigationTests;
			productReference = 11CE47032DEE7CFE00C8659A /* NavigationTests.xctest */;
			productType = "com.apple.product-type.bundle.unit-test";
		};
		11CE470C2DEE7CFE00C8659A /* NavigationUITests */ = {
			isa = PBXNativeTarget;
			buildConfigurationList = 11CE471D2DEE7CFE00C8659A /* Build configuration list for PBXNativeTarget "NavigationUITests" */;
			buildPhases = (
				11CE47092DEE7CFE00C8659A /* Sources */,
				11CE470A2DEE7CFE00C8659A /* Frameworks */,
				11CE470B2DEE7CFE00C8659A /* Resources */,
			);
			buildRules = (
			);
			dependencies = (
				11CE470F2DEE7CFE00C8659A /* PBXTargetDependency */,
			);
			fileSystemSynchronizedGroups = (
				11CE47102DEE7CFE00C8659A /* NavigationUITests */,
			);
			name = NavigationUITests;
			packageProductDependencies = (
			);
			productName = NavigationUITests;
			productReference = 11CE470D2DEE7CFE00C8659A /* NavigationUITests.xctest */;
			productType = "com.apple.product-type.bundle.ui-testing";
		};
/* End PBXNativeTarget section */

/* Begin PBXProject section */
		11CE46EB2DEE7CFC00C8659A /* Project object */ = {
			isa = PBXProject;
			attributes = {
				BuildIndependentTargetsInParallel = 1;
				LastSwiftUpdateCheck = 1620;
				LastUpgradeCheck = 1620;
				TargetAttributes = {
					11CE46F22DEE7CFC00C8659A = {
						CreatedOnToolsVersion = 16.2;
					};
					11CE47022DEE7CFE00C8659A = {
						CreatedOnToolsVersion = 16.2;
						TestTargetID = 11CE46F22DEE7CFC00C8659A;
					};
					11CE470C2DEE7CFE00C8659A = {
						CreatedOnToolsVersion = 16.2;
						TestTargetID = 11CE46F22DEE7CFC00C8659A;
					};
				};
			};
			buildConfigurationList = 11CE46EE2DEE7CFC00C8659A /* Build configuration list for PBXProject "Navigation" */;
			developmentRegion = en;
			hasScannedForEncodings = 0;
			knownRegions = (
				en,
				Base,
			);
			mainGroup = 11CE46EA2DEE7CFC00C8659A;
			minimizedProjectReferenceProxies = 1;
			preferredProjectObjectVersion = 77;
			productRefGroup = 11CE46F42DEE7CFC00C8659A /* Products */;
			projectDirPath = "";
			projectRoot = "";
			targets = (
				11CE46F22DEE7CFC00C8659A /* Navigation */,
				11CE47022DEE7CFE00C8659A /* NavigationTests */,
				11CE470C2DEE7CFE00C8659A /* NavigationUITests */,
			);
		};
/* End PBXProject section */

/* Begin PBXResourcesBuildPhase section */
		11CE46F12DEE7CFC00C8659A /* Resources */ = {
			isa = PBXResourcesBuildPhase;
			buildActionMask = 2147483647;
			files = (
			);
			runOnlyForDeploymentPostprocessing = 0;
		};
		11CE47012DEE7CFE00C8659A /* Resources */ = {
			isa = PBXResourcesBuildPhase;
			buildActionMask = 2147483647;
			files = (
			);
			runOnlyForDeploymentPostprocessing = 0;
		};
		11CE470B2DEE7CFE00C8659A /* Resources */ = {
			isa = PBXResourcesBuildPhase;
			buildActionMask = 2147483647;
			files = (
			);
			runOnlyForDeploymentPostprocessing = 0;
		};
/* End PBXResourcesBuildPhase section */

/* Begin PBXSourcesBuildPhase section */
		11CE46EF2DEE7CFC00C8659A /* Sources */ = {
			isa = PBXSourcesBuildPhase;
			buildActionMask = 2147483647;
			files = (
			);
			runOnlyForDeploymentPostprocessing = 0;
		};
		11CE46FF2DEE7CFE00C8659A /* Sources */ = {
			isa = PBXSourcesBuildPhase;
			buildActionMask = 2147483647;
			files = (
			);
			runOnlyForDeploymentPostprocessing = 0;
		};
		11CE47092DEE7CFE00C8659A /* Sources */ = {
			isa = PBXSourcesBuildPhase;
			buildActionMask = 2147483647;
			files = (
			);
			runOnlyForDeploymentPostprocessing = 0;
		};
/* End PBXSourcesBuildPhase section */

/* Begin PBXTargetDependency section */
		11CE47052DEE7CFE00C8659A /* PBXTargetDependency */ = {
			isa = PBXTargetDependency;
			target = 11CE46F22DEE7CFC00C8659A /* Navigation */;
			targetProxy = 11CE47042DEE7CFE00C8659A /* PBXContainerItemProxy */;
		};
		11CE470F2DEE7CFE00C8659A /* PBXTargetDependency */ = {
			isa = PBXTargetDependency;
			target = 11CE46F22DEE7CFC00C8659A /* Navigation */;
			targetProxy = 11CE470E2DEE7CFE00C8659A /* PBXContainerItemProxy */;
		};
/* End PBXTargetDependency section */

/* Begin XCBuildConfiguration section */
		11CE47152DEE7CFE00C8659A /* Debug */ = {
			isa = XCBuildConfiguration;
			buildSettings = {
				ALWAYS_SEARCH_USER_PATHS = NO;
				ASSETCATALOG_COMPILER_GENERATE_SWIFT_ASSET_SYMBOL_EXTENSIONS = YES;
				CLANG_ANALYZER_NONNULL = YES;
				CLANG_ANALYZER_NUMBER_OBJECT_CONVERSION = YES_AGGRESSIVE;
				CLANG_CXX_LANGUAGE_STANDARD = "gnu++20";
				CLANG_ENABLE_MODULES = YES;
				CLANG_ENABLE_OBJC_ARC = YES;
				CLANG_ENABLE_OBJC_WEAK = YES;
				CLANG_WARN_BLOCK_CAPTURE_AUTORELEASING = YES;
				CLANG_WARN_BOOL_CONVERSION = YES;
				CLANG_WARN_COMMA = YES;
				CLANG_WARN_CONSTANT_CONVERSION = YES;
				CLANG_WARN_DEPRECATED_OBJC_IMPLEMENTATIONS = YES;
				CLANG_WARN_DIRECT_OBJC_ISA_USAGE = YES_ERROR;
				CLANG_WARN_DOCUMENTATION_COMMENTS = YES;
				CLANG_WARN_EMPTY_BODY = YES;
				CLANG_WARN_ENUM_CONVERSION = YES;
				CLANG_WARN_INFINITE_RECURSION = YES;
				CLANG_WARN_INT_CONVERSION = YES;
				CLANG_WARN_NON_LITERAL_NULL_CONVERSION = YES;
				CLANG_WARN_OBJC_IMPLICIT_RETAIN_SELF = YES;
				CLANG_WARN_OBJC_LITERAL_CONVERSION = YES;
				CLANG_WARN_OBJC_ROOT_CLASS = YES_ERROR;
				CLANG_WARN_QUOTED_INCLUDE_IN_FRAMEWORK_HEADER = YES;
				CLANG_WARN_RANGE_LOOP_ANALYSIS = YES;
				CLANG_WARN_STRICT_PROTOTYPES = YES;
				CLANG_WARN_SUSPICIOUS_MOVE = YES;
				CLANG_WARN_UNGUARDED_AVAILABILITY = YES_AGGRESSIVE;
				CLANG_WARN_UNREACHABLE_CODE = YES;
				CLANG_WARN__DUPLICATE_METHOD_MATCH = YES;
				COPY_PHASE_STRIP = NO;
				DEBUG_INFORMATION_FORMAT = dwarf;
				ENABLE_STRICT_OBJC_MSGSEND = YES;
				ENABLE_TESTABILITY = YES;
				ENABLE_USER_SCRIPT_SANDBOXING = YES;
				GCC_C_LANGUAGE_STANDARD = gnu17;
				GCC_DYNAMIC_NO_PIC = NO;
				GCC_NO_COMMON_BLOCKS = YES;
				GCC_OPTIMIZATION_LEVEL = 0;
				GCC_PREPROCESSOR_DEFINITIONS = (
					"DEBUG=1",
					"$(inherited)",
				);
				GCC_WARN_64_TO_32_BIT_CONVERSION = YES;
				GCC_WARN_ABOUT_RETURN_TYPE = YES_ERROR;
				GCC_WARN_UNDECLARED_SELECTOR = YES;
				GCC_WARN_UNINITIALIZED_AUTOS = YES_AGGRESSIVE;
				GCC_WARN_UNUSED_FUNCTION = YES;
				GCC_WARN_UNUSED_VARIABLE = YES;
				IPHONEOS_DEPLOYMENT_TARGET = 18.2;
				LOCALIZATION_PREFERS_STRING_CATALOGS = YES;
				MTL_ENABLE_DEBUG_INFO = INCLUDE_SOURCE;
				MTL_FAST_MATH = YES;
				ONLY_ACTIVE_ARCH = YES;
				SDKROOT = iphoneos;
				SWIFT_ACTIVE_COMPILATION_CONDITIONS = "DEBUG $(inherited)";
				SWIFT_OPTIMIZATION_LEVEL = "-Onone";
			};
			name = Debug;
		};
		11CE47162DEE7CFE00C8659A /* Release */ = {
			isa = XCBuildConfiguration;
			buildSettings = {
				ALWAYS_SEARCH_USER_PATHS = NO;
				ASSETCATALOG_COMPILER_GENERATE_SWIFT_ASSET_SYMBOL_EXTENSIONS = YES;
				CLANG_ANALYZER_NONNULL = YES;
				CLANG_ANALYZER_NUMBER_OBJECT_CONVERSION = YES_AGGRESSIVE;
				CLANG_CXX_LANGUAGE_STANDARD = "gnu++20";
				CLANG_ENABLE_MODULES = YES;
				CLANG_ENABLE_OBJC_ARC = YES;
				CLANG_ENABLE_OBJC_WEAK = YES;
				CLANG_WARN_BLOCK_CAPTURE_AUTORELEASING = YES;
				CLANG_WARN_BOOL_CONVERSION = YES;
				CLANG_WARN_COMMA = YES;
				CLANG_WARN_CONSTANT_CONVERSION = YES;
				CLANG_WARN_DEPRECATED_OBJC_IMPLEMENTATIONS = YES;
				CLANG_WARN_DIRECT_OBJC_ISA_USAGE = YES_ERROR;
				CLANG_WARN_DOCUMENTATION_COMMENTS = YES;
				CLANG_WARN_EMPTY_BODY = YES;
				CLANG_WARN_ENUM_CONVERSION = YES;
				CLANG_WARN_INFINITE_RECURSION = YES;
				CLANG_WARN_INT_CONVERSION = YES;
				CLANG_WARN_NON_LITERAL_NULL_CONVERSION = YES;
				CLANG_WARN_OBJC_IMPLICIT_RETAIN_SELF = YES;
				CLANG_WARN_OBJC_LITERAL_CONVERSION = YES;
				CLANG_WARN_OBJC_ROOT_CLASS = YES_ERROR;
				CLANG_WARN_QUOTED_INCLUDE_IN_FRAMEWORK_HEADER = YES;
				CLANG_WARN_RANGE_LOOP_ANALYSIS = YES;
				CLANG_WARN_STRICT_PROTOTYPES = YES;
				CLANG_WARN_SUSPICIOUS_MOVE = YES;
				CLANG_WARN_UNGUARDED_AVAILABILITY = YES_AGGRESSIVE;
				CLANG_WARN_UNREACHABLE_CODE = YES;
				CLANG_WARN__DUPLICATE_METHOD_MATCH = YES;
				COPY_PHASE_STRIP = NO;
				DEBUG_INFORMATION_FORMAT = "dwarf-with-dsym";
				ENABLE_NS_ASSERTIONS = NO;
				ENABLE_STRICT_OBJC_MSGSEND = YES;
				ENABLE_USER_SCRIPT_SANDBOXING = YES;
				GCC_C_LANGUAGE_STANDARD = gnu17;
				GCC_NO_COMMON_BLOCKS = YES;
				GCC_WARN_64_TO_32_BIT_CONVERSION = YES;
				GCC_WARN_ABOUT_RETURN_TYPE = YES_ERROR;
				GCC_WARN_UNDECLARED_SELECTOR = YES;
				GCC_WARN_UNINITIALIZED_AUTOS = YES_AGGRESSIVE;
				GCC_WARN_UNUSED_FUNCTION = YES;
				GCC_WARN_UNUSED_VARIABLE = YES;
				IPHONEOS_DEPLOYMENT_TARGET = 18.2;
				LOCALIZATION_PREFERS_STRING_CATALOGS = YES;
				MTL_ENABLE_DEBUG_INFO = NO;
				MTL_FAST_MATH = YES;
				SDKROOT = iphoneos;
				SWIFT_COMPILATION_MODE = wholemodule;
				VALIDATE_PRODUCT = YES;
			};
			name = Release;
		};
		11CE47182DEE7CFE00C8659A /* Debug */ = {
			isa = XCBuildConfiguration;
			buildSettings = {
				ASSETCATALOG_COMPILER_APPICON_NAME = AppIcon;
				ASSETCATALOG_COMPILER_GLOBAL_ACCENT_COLOR_NAME = AccentColor;
				CODE_SIGN_STYLE = Automatic;
				CURRENT_PROJECT_VERSION = 1;
				DEVELOPMENT_ASSET_PATHS = "\"Navigation/Preview Content\"";
				DEVELOPMENT_TEAM = 4KCT9455S7;
				ENABLE_PREVIEWS = YES;
				GENERATE_INFOPLIST_FILE = YES;
				INFOPLIST_KEY_UIApplicationSceneManifest_Generation = YES;
				INFOPLIST_KEY_UIApplicationSupportsIndirectInputEvents = YES;
				INFOPLIST_KEY_UILaunchScreen_Generation = YES;
				INFOPLIST_KEY_UISupportedInterfaceOrientations_iPad = "UIInterfaceOrientationPortrait UIInterfaceOrientationPortraitUpsideDown UIInterfaceOrientationLandscapeLeft UIInterfaceOrientationLandscapeRight";
				INFOPLIST_KEY_UISupportedInterfaceOrientations_iPhone = "UIInterfaceOrientationPortrait UIInterfaceOrientationLandscapeLeft UIInterfaceOrientationLandscapeRight";
				LD_RUNPATH_SEARCH_PATHS = (
					"$(inherited)",
					"@executable_path/Frameworks",
				);
				MARKETING_VERSION = 1.0;
				PRODUCT_BUNDLE_IDENTIFIER = com.lifelper.Navigation;
				PRODUCT_NAME = "$(TARGET_NAME)";
				SWIFT_EMIT_LOC_STRINGS = YES;
				SWIFT_VERSION = 5.0;
				TARGETED_DEVICE_FAMILY = "1,2";
			};
			name = Debug;
		};
		11CE47192DEE7CFE00C8659A /* Release */ = {
			isa = XCBuildConfiguration;
			buildSettings = {
				ASSETCATALOG_COMPILER_APPICON_NAME = AppIcon;
				ASSETCATALOG_COMPILER_GLOBAL_ACCENT_COLOR_NAME = AccentColor;
				CODE_SIGN_STYLE = Automatic;
				CURRENT_PROJECT_VERSION = 1;
				DEVELOPMENT_ASSET_PATHS = "\"Navigation/Preview Content\"";
				DEVELOPMENT_TEAM = 4KCT9455S7;
				ENABLE_PREVIEWS = YES;
				GENERATE_INFOPLIST_FILE = YES;
				INFOPLIST_KEY_UIApplicationSceneManifest_Generation = YES;
				INFOPLIST_KEY_UIApplicationSupportsIndirectInputEvents = YES;
				INFOPLIST_KEY_UILaunchScreen_Generation = YES;
				INFOPLIST_KEY_UISupportedInterfaceOrientations_iPad = "UIInterfaceOrientationPortrait UIInterfaceOrientationPortraitUpsideDown UIInterfaceOrientationLandscapeLeft UIInterfaceOrientationLandscapeRight";
				INFOPLIST_KEY_UISupportedInterfaceOrientations_iPhone = "UIInterfaceOrientationPortrait UIInterfaceOrientationLandscapeLeft UIInterfaceOrientationLandscapeRight";
				LD_RUNPATH_SEARCH_PATHS = (
					"$(inherited)",
					"@executable_path/Frameworks",
				);
				MARKETING_VERSION = 1.0;
				PRODUCT_BUNDLE_IDENTIFIER = com.lifelper.Navigation;
				PRODUCT_NAME = "$(TARGET_NAME)";
				SWIFT_EMIT_LOC_STRINGS = YES;
				SWIFT_VERSION = 5.0;
				TARGETED_DEVICE_FAMILY = "1,2";
			};
			name = Release;
		};
		11CE471B2DEE7CFE00C8659A /* Debug */ = {
			isa = XCBuildConfiguration;
			buildSettings = {
				BUNDLE_LOADER = "$(TEST_HOST)";
				CODE_SIGN_STYLE = Automatic;
				CURRENT_PROJECT_VERSION = 1;
				DEVELOPMENT_TEAM = 4KCT9455S7;
				GENERATE_INFOPLIST_FILE = YES;
				IPHONEOS_DEPLOYMENT_TARGET = 18.2;
				MARKETING_VERSION = 1.0;
				PRODUCT_BUNDLE_IDENTIFIER = com.lifelper.NavigationTests;
				PRODUCT_NAME = "$(TARGET_NAME)";
				SWIFT_EMIT_LOC_STRINGS = NO;
				SWIFT_VERSION = 5.0;
				TARGETED_DEVICE_FAMILY = "1,2";
				TEST_HOST = "$(BUILT_PRODUCTS_DIR)/Navigation.app/$(BUNDLE_EXECUTABLE_FOLDER_PATH)/Navigation";
			};
			name = Debug;
		};
		11CE471C2DEE7CFE00C8659A /* Release */ = {
			isa = XCBuildConfiguration;
			buildSettings = {
				BUNDLE_LOADER = "$(TEST_HOST)";
				CODE_SIGN_STYLE = Automatic;
				CURRENT_PROJECT_VERSION = 1;
				DEVELOPMENT_TEAM = 4KCT9455S7;
				GENERATE_INFOPLIST_FILE = YES;
				IPHONEOS_DEPLOYMENT_TARGET = 18.2;
				MARKETING_VERSION = 1.0;
				PRODUCT_BUNDLE_IDENTIFIER = com.lifelper.NavigationTests;
				PRODUCT_NAME = "$(TARGET_NAME)";
				SWIFT_EMIT_LOC_STRINGS = NO;
				SWIFT_VERSION = 5.0;
				TARGETED_DEVICE_FAMILY = "1,2";
				TEST_HOST = "$(BUILT_PRODUCTS_DIR)/Navigation.app/$(BUNDLE_EXECUTABLE_FOLDER_PATH)/Navigation";
			};
			name = Release;
		};
		11CE471E2DEE7CFE00C8659A /* Debug */ = {
			isa = XCBuildConfiguration;
			buildSettings = {
				CODE_SIGN_STYLE = Automatic;
				CURRENT_PROJECT_VERSION = 1;
				DEVELOPMENT_TEAM = 4KCT9455S7;
				GENERATE_INFOPLIST_FILE = YES;
				MARKETING_VERSION = 1.0;
				PRODUCT_BUNDLE_IDENTIFIER = com.lifelper.NavigationUITests;
				PRODUCT_NAME = "$(TARGET_NAME)";
				SWIFT_EMIT_LOC_STRINGS = NO;
				SWIFT_VERSION = 5.0;
				TARGETED_DEVICE_FAMILY = "1,2";
				TEST_TARGET_NAME = Navigation;
			};
			name = Debug;
		};
		11CE471F2DEE7CFE00C8659A /* Release */ = {
			isa = XCBuildConfiguration;
			buildSettings = {
				CODE_SIGN_STYLE = Automatic;
				CURRENT_PROJECT_VERSION = 1;
				DEVELOPMENT_TEAM = 4KCT9455S7;
				GENERATE_INFOPLIST_FILE = YES;
				MARKETING_VERSION = 1.0;
				PRODUCT_BUNDLE_IDENTIFIER = com.lifelper.NavigationUITests;
				PRODUCT_NAME = "$(TARGET_NAME)";
				SWIFT_EMIT_LOC_STRINGS = NO;
				SWIFT_VERSION = 5.0;
				TARGETED_DEVICE_FAMILY = "1,2";
				TEST_TARGET_NAME = Navigation;
			};
			name = Release;
		};
/* End XCBuildConfiguration section */

/* Begin XCConfigurationList section */
		11CE46EE2DEE7CFC00C8659A /* Build configuration list for PBXProject "Navigation" */ = {
			isa = XCConfigurationList;
			buildConfigurations = (
				11CE47152DEE7CFE00C8659A /* Debug */,
				11CE47162DEE7CFE00C8659A /* Release */,
			);
			defaultConfigurationIsVisible = 0;
			defaultConfigurationName = Release;
		};
		11CE47172DEE7CFE00C8659A /* Build configuration list for PBXNativeTarget "Navigation" */ = {
			isa = XCConfigurationList;
			buildConfigurations = (
				11CE47182DEE7CFE00C8659A /* Debug */,
				11CE47192DEE7CFE00C8659A /* Release */,
			);
			defaultConfigurationIsVisible = 0;
			defaultConfigurationName = Release;
		};
		11CE471A2DEE7CFE00C8659A /* Build configuration list for PBXNativeTarget "NavigationTests" */ = {
			isa = XCConfigurationList;
			buildConfigurations = (
				11CE471B2DEE7CFE00C8659A /* Debug */,
				11CE471C2DEE7CFE00C8659A /* Release */,
			);
			defaultConfigurationIsVisible = 0;
			defaultConfigurationName = Release;
		};
		11CE471D2DEE7CFE00C8659A /* Build configuration list for PBXNativeTarget "NavigationUITests" */ = {
			isa = XCConfigurationList;
			buildConfigurations = (
				11CE471E2DEE7CFE00C8659A /* Debug */,
				11CE471F2DEE7CFE00C8659A /* Release */,
			);
			defaultConfigurationIsVisible = 0;
			defaultConfigurationName = Release;
		};
/* End XCConfigurationList section */
	};
	rootObject = 11CE46EB2DEE7CFC00C8659A /* Project object */;
}
